
Microsoft Visual Studio Solution File, Format Version 12.00
# Visual Studio Version 16
VisualStudioVersion = 16.0.31702.278
MinimumVisualStudioVersion = 10.0.40219.1
Project("{FAE04EC0-301F-11D3-BF4B-00C04F79EFBC}") = "Actividad2_Anagrama", "Actividad2_Anagrama.csproj", "{F6E8F6C0-8A14-444B-9DF4-9E204FA0F81B}"
EndProject
Global
	GlobalSection(SolutionConfigurationPlatforms) = preSolution
		Debug|Any CPU = Debug|Any CPU
		Release|Any CPU = Release|Any CPU
	EndGlobalSection
	GlobalSection(ProjectConfigurationPlatforms) = postSolution
		{F6E8F6C0-8A14-444B-9DF4-9E204FA0F81B}.Debug|Any CPU.ActiveCfg = Debug|Any CPU
		{F6E8F6C0-8A14-444B-9DF4-9E204FA0F81B}.Debug|Any CPU.Build.0 = Debug|Any CPU
		{F6E8F6C0-8A14-444B-9DF4-9E204FA0F81B}.Release|Any CPU.ActiveCfg = Release|Any CPU
		{F6E8F6C0-8A14-444B-9DF4-9E204FA0F81B}.Release|Any CPU.Build.0 = Release|Any CPU
	EndGlobalSection
	GlobalSection(SolutionProperties) = preSolution
		HideSolutionNode = FALSE
	EndGlobalSection
	GlobalSection(ExtensibilityGlobals) = postSolution
		SolutionGuid = {AAD0407F-E4F2-4F5A-A71F-8AE54543FF69}
	EndGlobalSection
EndGlobal
